// !$*UTF8*$!
{
	archiveVersion = 1;
	classes = {
	};
	objectVersion = 46;
	objects = {

/* Begin PBXBuildFile section */
		D7E668001C80BCA6006105EF /* AppDelegate.swift in Sources */ = {isa = PBXBuildFile; fileRef = D7E667FF1C80BCA6006105EF /* AppDelegate.swift */; };
		D7E668021C80BCA6006105EF /* ViewController.swift in Sources */ = {isa = PBXBuildFile; fileRef = D7E668011C80BCA6006105EF /* ViewController.swift */; };
		D7E668051C80BCA6006105EF /* Main.storyboard in Resources */ = {isa = PBXBuildFile; fileRef = D7E668031C80BCA6006105EF /* Main.storyboard */; };
		D7E668071C80BCA6006105EF /* Assets.xcassets in Resources */ = {isa = PBXBuildFile; fileRef = D7E668061C80BCA6006105EF /* Assets.xcassets */; };
		D7E6680A1C80BCA6006105EF /* LaunchScreen.storyboard in Resources */ = {isa = PBXBuildFile; fileRef = D7E668081C80BCA6006105EF /* LaunchScreen.storyboard */; };
		D7E668141C80BD44006105EF /* KinveyKit.framework in Frameworks */ = {isa = PBXBuildFile; fileRef = D7E668131C80BD44006105EF /* KinveyKit.framework */; };
		D7E668161C80BD69006105EF /* Accounts.framework in Frameworks */ = {isa = PBXBuildFile; fileRef = D7E668151C80BD69006105EF /* Accounts.framework */; };
		D7E668181C80BD70006105EF /* CoreGraphics.framework in Frameworks */ = {isa = PBXBuildFile; fileRef = D7E668171C80BD70006105EF /* CoreGraphics.framework */; };
		D7E6681A1C80BD76006105EF /* CoreLocation.framework in Frameworks */ = {isa = PBXBuildFile; fileRef = D7E668191C80BD76006105EF /* CoreLocation.framework */; };
		D7E6681C1C80BD95006105EF /* MobileCoreServices.framework in Frameworks */ = {isa = PBXBuildFile; fileRef = D7E6681B1C80BD95006105EF /* MobileCoreServices.framework */; };
		D7E6681E1C80BD9B006105EF /* Security.framework in Frameworks */ = {isa = PBXBuildFile; fileRef = D7E6681D1C80BD9B006105EF /* Security.framework */; };
		D7E668201C80BDA8006105EF /* Social.framework in Frameworks */ = {isa = PBXBuildFile; fileRef = D7E6681F1C80BDA8006105EF /* Social.framework */; };
		D7E668221C80BDAF006105EF /* SystemConfiguration.framework in Frameworks */ = {isa = PBXBuildFile; fileRef = D7E668211C80BDAF006105EF /* SystemConfiguration.framework */; };
		D7E668241C80BEE1006105EF /* libsqlite3.dylib in Frameworks */ = {isa = PBXBuildFile; fileRef = D7E668231C80BEE1006105EF /* libsqlite3.dylib */; };
		D7E668261C80BEEB006105EF /* WebKit.framework in Frameworks */ = {isa = PBXBuildFile; fileRef = D7E668251C80BEEB006105EF /* WebKit.framework */; };
		D7E668281C80BF01006105EF /* Foundation.framework in Frameworks */ = {isa = PBXBuildFile; fileRef = D7E668271C80BF01006105EF /* Foundation.framework */; };
		D7E6682A1C80BF0B006105EF /* UIKit.framework in Frameworks */ = {isa = PBXBuildFile; fileRef = D7E668291C80BF0B006105EF /* UIKit.framework */; };
/* End PBXBuildFile section */

/* Begin PBXFileReference section */
		D7E667FC1C80BCA6006105EF /* KineyLoginExample.app */ = {isa = PBXFileReference; explicitFileType = wrapper.application; includeInIndex = 0; path = KineyLoginExample.app; sourceTree = BUILT_PRODUCTS_DIR; };
		D7E667FF1C80BCA6006105EF /* AppDelegate.swift */ = {isa = PBXFileReference; lastKnownFileType = sourcecode.swift; path = AppDelegate.swift; sourceTree = "<group>"; };
		D7E668011C80BCA6006105EF /* ViewController.swift */ = {isa = PBXFileReference; lastKnownFileType = sourcecode.swift; path = ViewController.swift; sourceTree = "<group>"; };
		D7E668041C80BCA6006105EF /* Base */ = {isa = PBXFileReference; lastKnownFileType = file.storyboard; name = Base; path = Base.lproj/Main.storyboard; sourceTree = "<group>"; };
		D7E668061C80BCA6006105EF /* Assets.xcassets */ = {isa = PBXFileReference; lastKnownFileType = folder.assetcatalog; path = Assets.xcassets; sourceTree = "<group>"; };
		D7E668091C80BCA6006105EF /* Base */ = {isa = PBXFileReference; lastKnownFileType = file.storyboard; name = Base; path = Base.lproj/LaunchScreen.storyboard; sourceTree = "<group>"; };
		D7E6680B1C80BCA6006105EF /* Info.plist */ = {isa = PBXFileReference; lastKnownFileType = text.plist.xml; path = Info.plist; sourceTree = "<group>"; };
		D7E668131C80BD44006105EF /* KinveyKit.framework */ = {isa = PBXFileReference; lastKnownFileType = wrapper.framework; name = KinveyKit.framework; path = KineyLoginExample/KinveyKit.framework; sourceTree = "<group>"; };
		D7E668151C80BD69006105EF /* Accounts.framework */ = {isa = PBXFileReference; lastKnownFileType = wrapper.framework; name = Accounts.framework; path = System/Library/Frameworks/Accounts.framework; sourceTree = SDKROOT; };
		D7E668171C80BD70006105EF /* CoreGraphics.framework */ = {isa = PBXFileReference; lastKnownFileType = wrapper.framework; name = CoreGraphics.framework; path = System/Library/Frameworks/CoreGraphics.framework; sourceTree = SDKROOT; };
		D7E668191C80BD76006105EF /* CoreLocation.framework */ = {isa = PBXFileReference; lastKnownFileType = wrapper.framework; name = CoreLocation.framework; path = System/Library/Frameworks/CoreLocation.framework; sourceTree = SDKROOT; };
		D7E6681B1C80BD95006105EF /* MobileCoreServices.framework */ = {isa = PBXFileReference; lastKnownFileType = wrapper.framework; name = MobileCoreServices.framework; path = System/Library/Frameworks/MobileCoreServices.framework; sourceTree = SDKROOT; };
		D7E6681D1C80BD9B006105EF /* Security.framework */ = {isa = PBXFileReference; lastKnownFileType = wrapper.framework; name = Security.framework; path = System/Library/Frameworks/Security.framework; sourceTree = SDKROOT; };
		D7E6681F1C80BDA8006105EF /* Social.framework */ = {isa = PBXFileReference; lastKnownFileType = wrapper.framework; name = Social.framework; path = System/Library/Frameworks/Social.framework; sourceTree = SDKROOT; };
		D7E668211C80BDAF006105EF /* SystemConfiguration.framework */ = {isa = PBXFileReference; lastKnownFileType = wrapper.framework; name = SystemConfiguration.framework; path = System/Library/Frameworks/SystemConfiguration.framework; sourceTree = SDKROOT; };
		D7E668231C80BEE1006105EF /* libsqlite3.dylib */ = {isa = PBXFileReference; lastKnownFileType = "compiled.mach-o.dylib"; name = libsqlite3.dylib; path = "../../Library/Developer/Xcode/iOS DeviceSupport/6.1.3 (10B329)/Symbols/usr/lib/libsqlite3.dylib"; sourceTree = "<group>"; };
		D7E668251C80BEEB006105EF /* WebKit.framework */ = {isa = PBXFileReference; lastKnownFileType = wrapper.framework; name = WebKit.framework; path = System/Library/Frameworks/WebKit.framework; sourceTree = SDKROOT; };
		D7E668271C80BF01006105EF /* Foundation.framework */ = {isa = PBXFileReference; lastKnownFileType = wrapper.framework; name = Foundation.framework; path = System/Library/Frameworks/Foundation.framework; sourceTree = SDKROOT; };
		D7E668291C80BF0B006105EF /* UIKit.framework */ = {isa = PBXFileReference; lastKnownFileType = wrapper.framework; name = UIKit.framework; path = System/Library/Frameworks/UIKit.framework; sourceTree = SDKROOT; };
		D7E6682C1C80BFDD006105EF /* KinveyLoginExample-Bridging-Header.h */ = {isa = PBXFileReference; lastKnownFileType = sourcecode.c.h; path = "KinveyLoginExample-Bridging-Header.h"; sourceTree = "<group>"; };
/* End PBXFileReference section */

/* Begin PBXFrameworksBuildPhase section */
		D7E667F91C80BCA6006105EF /* Frameworks */ = {
			isa = PBXFrameworksBuildPhase;
			buildActionMask = 2147483647;
			files = (
				D7E6682A1C80BF0B006105EF /* UIKit.framework in Frameworks */,
				D7E668281C80BF01006105EF /* Foundation.framework in Frameworks */,
				D7E668261C80BEEB006105EF /* WebKit.framework in Frameworks */,
				D7E668241C80BEE1006105EF /* libsqlite3.dylib in Frameworks */,
				D7E668221C80BDAF006105EF /* SystemConfiguration.framework in Frameworks */,
				D7E668201C80BDA8006105EF /* Social.framework in Frameworks */,
				D7E6681E1C80BD9B006105EF /* Security.framework in Frameworks */,
				D7E6681C1C80BD95006105EF /* MobileCoreServices.framework in Frameworks */,
				D7E6681A1C80BD76006105EF /* CoreLocation.framework in Frameworks */,
				D7E668181C80BD70006105EF /* CoreGraphics.framework in Frameworks */,
				D7E668161C80BD69006105EF /* Accounts.framework in Frameworks */,
				D7E668141C80BD44006105EF /* KinveyKit.framework in Frameworks */,
			);
			runOnlyForDeploymentPostprocessing = 0;
		};
/* End PBXFrameworksBuildPhase section */

/* Begin PBXGroup section */
		D7E667F31C80BCA6006105EF = {
			isa = PBXGroup;
			children = (
				D7E6682B1C80BF1D006105EF /* Frameworks */,
				D7E667FE1C80BCA6006105EF /* KineyLoginExample */,
				D7E667FD1C80BCA6006105EF /* Products */,
			);
			sourceTree = "<group>";
		};
		D7E667FD1C80BCA6006105EF /* Products */ = {
			isa = PBXGroup;
			children = (
				D7E667FC1C80BCA6006105EF /* KineyLoginExample.app */,
			);
			name = Products;
			sourceTree = "<group>";
		};
		D7E667FE1C80BCA6006105EF /* KineyLoginExample */ = {
			isa = PBXGroup;
			children = (
				D7E667FF1C80BCA6006105EF /* AppDelegate.swift */,
				D7E6682C1C80BFDD006105EF /* KinveyLoginExample-Bridging-Header.h */,
				D7E668011C80BCA6006105EF /* ViewController.swift */,
				D7E668031C80BCA6006105EF /* Main.storyboard */,
				D7E668061C80BCA6006105EF /* Assets.xcassets */,
				D7E668081C80BCA6006105EF /* LaunchScreen.storyboard */,
				D7E6680B1C80BCA6006105EF /* Info.plist */,
			);
			path = KineyLoginExample;
			sourceTree = "<group>";
		};
		D7E6682B1C80BF1D006105EF /* Frameworks */ = {
			isa = PBXGroup;
			children = (
				D7E668131C80BD44006105EF /* KinveyKit.framework */,
				D7E668291C80BF0B006105EF /* UIKit.framework */,
				D7E668271C80BF01006105EF /* Foundation.framework */,
				D7E668251C80BEEB006105EF /* WebKit.framework */,
				D7E668231C80BEE1006105EF /* libsqlite3.dylib */,
				D7E668211C80BDAF006105EF /* SystemConfiguration.framework */,
				D7E6681F1C80BDA8006105EF /* Social.framework */,
				D7E6681D1C80BD9B006105EF /* Security.framework */,
				D7E6681B1C80BD95006105EF /* MobileCoreServices.framework */,
				D7E668191C80BD76006105EF /* CoreLocation.framework */,
				D7E668171C80BD70006105EF /* CoreGraphics.framework */,
				D7E668151C80BD69006105EF /* Accounts.framework */,
			);
			name = Frameworks;
			sourceTree = "<group>";
		};
/* End PBXGroup section */

/* Begin PBXNativeTarget section */
		D7E667FB1C80BCA6006105EF /* KineyLoginExample */ = {
			isa = PBXNativeTarget;
			buildConfigurationList = D7E6680E1C80BCA6006105EF /* Build configuration list for PBXNativeTarget "KineyLoginExample" */;
			buildPhases = (
				D7E667F81C80BCA6006105EF /* Sources */,
				D7E667F91C80BCA6006105EF /* Frameworks */,
				D7E667FA1C80BCA6006105EF /* Resources */,
			);
			buildRules = (
			);
			dependencies = (
			);
			name = KineyLoginExample;
			productName = KineyLoginExample;
			productReference = D7E667FC1C80BCA6006105EF /* KineyLoginExample.app */;
			productType = "com.apple.product-type.application";
		};
/* End PBXNativeTarget section */

/* Begin PBXProject section */
		D7E667F41C80BCA6006105EF /* Project object */ = {
			isa = PBXProject;
			attributes = {
				LastSwiftUpdateCheck = 0720;
				LastUpgradeCheck = 0720;
				ORGANIZATIONNAME = "Marius Skalstad";
				TargetAttributes = {
					D7E667FB1C80BCA6006105EF = {
						CreatedOnToolsVersion = 7.2.1;
					};
				};
			};
			buildConfigurationList = D7E667F71C80BCA6006105EF /* Build configuration list for PBXProject "KineyLoginExample" */;
			compatibilityVersion = "Xcode 3.2";
			developmentRegion = English;
			hasScannedForEncodings = 0;
			knownRegions = (
				en,
				Base,
			);
			mainGroup = D7E667F31C80BCA6006105EF;
			productRefGroup = D7E667FD1C80BCA6006105EF /* Products */;
			projectDirPath = "";
			projectRoot = "";
			targets = (
				D7E667FB1C80BCA6006105EF /* KineyLoginExample */,
			);
		};
/* End PBXProject section */

/* Begin PBXResourcesBuildPhase section */
		D7E667FA1C80BCA6006105EF /* Resources */ = {
			isa = PBXResourcesBuildPhase;
			buildActionMask = 2147483647;
			files = (
				D7E6680A1C80BCA6006105EF /* LaunchScreen.storyboard in Resources */,
				D7E668071C80BCA6006105EF /* Assets.xcassets in Resources */,
				D7E668051C80BCA6006105EF /* Main.storyboard in Resources */,
			);
			runOnlyForDeploymentPostprocessing = 0;
		};
/* End PBXResourcesBuildPhase section */

/* Begin PBXSourcesBuildPhase section */
		D7E667F81C80BCA6006105EF /* Sources */ = {
			isa = PBXSourcesBuildPhase;
			buildActionMask = 2147483647;
			files = (
				D7E668021C80BCA6006105EF /* ViewController.swift in Sources */,
				D7E668001C80BCA6006105EF /* AppDelegate.swift in Sources */,
			);
			runOnlyForDeploymentPostprocessing = 0;
		};
/* End PBXSourcesBuildPhase section */

/* Begin PBXVariantGroup section */
		D7E668031C80BCA6006105EF /* Main.storyboard */ = {
			isa = PBXVariantGroup;
			children = (
				D7E668041C80BCA6006105EF /* Base */,
			);
			name = Main.storyboard;
			sourceTree = "<group>";
		};
		D7E668081C80BCA6006105EF /* LaunchScreen.storyboard */ = {
			isa = PBXVariantGroup;
			children = (
				D7E668091C80BCA6006105EF /* Base */,
			);
			name = LaunchScreen.storyboard;
			sourceTree = "<group>";
		};
/* End PBXVariantGroup section */

/* Begin XCBuildConfiguration section */
		D7E6680C1C80BCA6006105EF /* Debug */ = {
			isa = XCBuildConfiguration;
			buildSettings = {
				ALWAYS_SEARCH_USER_PATHS = NO;
				CLANG_CXX_LANGUAGE_STANDARD = "gnu++0x";
				CLANG_CXX_LIBRARY = "libc++";
				CLANG_ENABLE_MODULES = YES;
				CLANG_ENABLE_OBJC_ARC = YES;
				CLANG_WARN_BOOL_CONVERSION = YES;
				CLANG_WARN_CONSTANT_CONVERSION = YES;
				CLANG_WARN_DIRECT_OBJC_ISA_USAGE = YES_ERROR;
				CLANG_WARN_EMPTY_BODY = YES;
				CLANG_WARN_ENUM_CONVERSION = YES;
				CLANG_WARN_INT_CONVERSION = YES;
				CLANG_WARN_OBJC_ROOT_CLASS = YES_ERROR;
				CLANG_WARN_UNREACHABLE_CODE = YES;
				CLANG_WARN__DUPLICATE_METHOD_MATCH = YES;
				"CODE_SIGN_IDENTITY[sdk=iphoneos*]" = "iPhone Developer";
				COPY_PHASE_STRIP = NO;
				DEBUG_INFORMATION_FORMAT = dwarf;
				ENABLE_STRICT_OBJC_MSGSEND = YES;
				ENABLE_TESTABILITY = YES;
				GCC_C_LANGUAGE_STANDARD = gnu99;
				GCC_DYNAMIC_NO_PIC = NO;
				GCC_NO_COMMON_BLOCKS = YES;
				GCC_OPTIMIZATION_LEVEL = 0;
				GCC_PREPROCESSOR_DEFINITIONS = (
					"DEBUG=1",
					"$(inherited)",
				);
				GCC_WARN_64_TO_32_BIT_CONVERSION = YES;
				GCC_WARN_ABOUT_RETURN_TYPE = YES_ERROR;
				GCC_WARN_UNDECLARED_SELECTOR = YES;
				GCC_WARN_UNINITIALIZED_AUTOS = YES_AGGRESSIVE;
				GCC_WARN_UNUSED_FUNCTION = YES;
				GCC_WARN_UNUSED_VARIABLE = YES;
				IPHONEOS_DEPLOYMENT_TARGET = 9.2;
				MTL_ENABLE_DEBUG_INFO = YES;
				ONLY_ACTIVE_ARCH = YES;
				OTHER_LDFLAGS = "-ObjC";
				SDKROOT = iphoneos;
				SWIFT_OPTIMIZATION_LEVEL = "-Onone";
			};
			name = Debug;
		};
		D7E6680D1C80BCA6006105EF /* Release */ = {
			isa = XCBuildConfiguration;
			buildSettings = {
				ALWAYS_SEARCH_USER_PATHS = NO;
				CLANG_CXX_LANGUAGE_STANDARD = "gnu++0x";
				CLANG_CXX_LIBRARY = "libc++";
				CLANG_ENABLE_MODULES = YES;
				CLANG_ENABLE_OBJC_ARC = YES;
				CLANG_WARN_BOOL_CONVERSION = YES;
				CLANG_WARN_CONSTANT_CONVERSION = YES;
				CLANG_WARN_DIRECT_OBJC_ISA_USAGE = YES_ERROR;
				CLANG_WARN_EMPTY_BODY = YES;
				CLANG_WARN_ENUM_CONVERSION = YES;
				CLANG_WARN_INT_CONVERSION = YES;
				CLANG_WARN_OBJC_ROOT_CLASS = YES_ERROR;
				CLANG_WARN_UNREACHABLE_CODE = YES;
				CLANG_WARN__DUPLICATE_METHOD_MATCH = YES;
				"CODE_SIGN_IDENTITY[sdk=iphoneos*]" = "iPhone Developer";
				COPY_PHASE_STRIP = NO;
				DEBUG_INFORMATION_FORMAT = "dwarf-with-dsym";
				ENABLE_NS_ASSERTIONS = NO;
				ENABLE_STRICT_OBJC_MSGSEND = YES;
				GCC_C_LANGUAGE_STANDARD = gnu99;
				GCC_NO_COMMON_BLOCKS = YES;
				GCC_WARN_64_TO_32_BIT_CONVERSION = YES;
				GCC_WARN_ABOUT_RETURN_TYPE = YES_ERROR;
				GCC_WARN_UNDECLARED_SELECTOR = YES;
				GCC_WARN_UNINITIALIZED_AUTOS = YES_AGGRESSIVE;
				GCC_WARN_UNUSED_FUNCTION = YES;
				GCC_WARN_UNUSED_VARIABLE = YES;
				IPHONEOS_DEPLOYMENT_TARGET = 9.2;
				MTL_ENABLE_DEBUG_INFO = NO;
				OTHER_LDFLAGS = "-ObjC";
				SDKROOT = iphoneos;
				VALIDATE_PRODUCT = YES;
			};
			name = Release;
		};
		D7E6680F1C80BCA6006105EF /* Debug */ = {
			isa = XCBuildConfiguration;
			buildSettings = {
				ASSETCATALOG_COMPILER_APPICON_NAME = AppIcon;
				FRAMEWORK_SEARCH_PATHS = (
					"$(inherited)",
					"$(PROJECT_DIR)/KineyLoginExample",
				);
				INFOPLIST_FILE = KineyLoginExample/Info.plist;
				LD_RUNPATH_SEARCH_PATHS = "$(inherited) @executable_path/Frameworks";
				OTHER_LDFLAGS = "-ObjC";
				PRODUCT_BUNDLE_IDENTIFIER = Skalstad2105.KineyLoginExample;
				PRODUCT_NAME = "$(TARGET_NAME)";
				SWIFT_OBJC_BRIDGING_HEADER = "KineyLoginExample/KinveyLoginExample-Bridging-Header.h";
			};
			name = Debug;
		};
		D7E668101C80BCA6006105EF /* Release */ = {
			isa = XCBuildConfiguration;
			buildSettings = {
				ASSETCATALOG_COMPILER_APPICON_NAME = AppIcon;
				FRAMEWORK_SEARCH_PATHS = (
					"$(inherited)",
					"$(PROJECT_DIR)/KineyLoginExample",
				);
				INFOPLIST_FILE = KineyLoginExample/Info.plist;
				LD_RUNPATH_SEARCH_PATHS = "$(inherited) @executable_path/Frameworks";
				OTHER_LDFLAGS = "-ObjC";
				PRODUCT_BUNDLE_IDENTIFIER = Skalstad2105.KineyLoginExample;
				PRODUCT_NAME = "$(TARGET_NAME)";
				SWIFT_OBJC_BRIDGING_HEADER = "KineyLoginExample/KinveyLoginExample-Bridging-Header.h";
			};
			name = Release;
		};
/* End XCBuildConfiguration section */

/* Begin XCConfigurationList section */
		D7E667F71C80BCA6006105EF /* Build configuration list for PBXProject "KineyLoginExample" */ = {
			isa = XCConfigurationList;
			buildConfigurations = (
				D7E6680C1C80BCA6006105EF /* Debug */,
				D7E6680D1C80BCA6006105EF /* Release */,
			);
			defaultConfigurationIsVisible = 0;
			defaultConfigurationName = Release;
		};
		D7E6680E1C80BCA6006105EF /* Build configuration list for PBXNativeTarget "KineyLoginExample" */ = {
			isa = XCConfigurationList;
			buildConfigurations = (
				D7E6680F1C80BCA6006105EF /* Debug */,
				D7E668101C80BCA6006105EF /* Release */,
			);
			defaultConfigurationIsVisible = 0;
			defaultConfigurationName = Release;
		};
/* End XCConfigurationList section */
	};
	rootObject = D7E667F41C80BCA6006105EF /* Project object */;
}
